
Microsoft Visual Studio Solution File, Format Version 12.00
# Visual Studio Version 17
VisualStudioVersion = 17.14.36414.22
MinimumVisualStudioVersion = 10.0.40219.1
Project("{FAE04EC0-301F-11D3-BF4B-00C04F79EFBC}") = "ProntuarioOnline", "ProntuarioOnline\ProntuarioOnline.csproj", "{5CCAEA65-1958-41DE-8889-34931B28F517}"
EndProject
Project("{2150E333-8FDC-42A3-9474-1A3956D46DE8}") = "8. WebApp", "8. WebApp", "{02EA681E-C7D8-13C7-8484-4AC65E1B71E8}"
EndProject
Project("{2150E333-8FDC-42A3-9474-1A3956D46DE8}") = "2. Domain", "2. Domain", "{3A37CE6C-4074-4E4E-A068-81B93995C87B}"
EndProject
Project("{2150E333-8FDC-42A3-9474-1A3956D46DE8}") = "3. Configuration", "3. Configuration", "{619FA9E4-E950-4EB3-AE5B-7EFC3D0F558E}"
EndProject
Project("{2150E333-8FDC-42A3-9474-1A3956D46DE8}") = "4. Models", "4. Models", "{A6CA6825-F454-4445-8922-54D65D2DDB50}"
EndProject
Project("{2150E333-8FDC-42A3-9474-1A3956D46DE8}") = "6. Implamentation", "6. Implamentation", "{0837974A-3FB7-48B3-ABCB-BDD334EF8127}"
EndProject
Project("{2150E333-8FDC-42A3-9474-1A3956D46DE8}") = "5. Service", "5. Service", "{615F46C3-0FCF-4443-A198-186146BC5C38}"
EndProject
Project("{2150E333-8FDC-42A3-9474-1A3956D46DE8}") = "7. Mapper", "7. Mapper", "{ABB4ACB1-2112-4C19-BAFE-0B6079592921}"
EndProject
Project("{FAE04EC0-301F-11D3-BF4B-00C04F79EFBC}") = "Domain", "Domain\Domain.csproj", "{E71FDF83-A982-42E6-8BA4-DCEE0729250F}"
EndProject
Project("{FAE04EC0-301F-11D3-BF4B-00C04F79EFBC}") = "Configuration", "Configuration\Configuration.csproj", "{83D746C3-16B2-4DD0-8A89-6290A6E60A64}"
EndProject
Project("{FAE04EC0-301F-11D3-BF4B-00C04F79EFBC}") = "Models", "Models\Models.csproj", "{9F2D0FCC-A7A6-444A-98E3-31A91B0E6095}"
EndProject
Project("{FAE04EC0-301F-11D3-BF4B-00C04F79EFBC}") = "Services", "Services\Services.csproj", "{8DB9C195-685D-458F-8A06-B875DF716931}"
EndProject
Project("{FAE04EC0-301F-11D3-BF4B-00C04F79EFBC}") = "Implamentation", "Implamentation\Implamentation.csproj", "{F7D13D33-BF1F-4CFF-8339-BF8A15189978}"
EndProject
Project("{FAE04EC0-301F-11D3-BF4B-00C04F79EFBC}") = "Mapper", "Mapper\Mapper.csproj", "{C943E9D6-EDA3-4802-9802-0C4ED91D0213}"
EndProject
Project("{FAE04EC0-301F-11D3-BF4B-00C04F79EFBC}") = "InjectionDependency", "InjectionDependency\InjectionDependency.csproj", "{FACCBC92-0EF2-489D-96D8-A468BD6E2BF1}"
EndProject
Project("{2150E333-8FDC-42A3-9474-1A3956D46DE8}") = "1. Compartilhado", "1. Compartilhado", "{D8924617-BD65-41B6-935C-A5A2E4FC6AC4}"
EndProject
Project("{FAE04EC0-301F-11D3-BF4B-00C04F79EFBC}") = "Enuns", "Enuns\Enuns.csproj", "{FF2F7FF9-0B36-43B4-9339-287149A4845C}"
EndProject
Global
	GlobalSection(SolutionConfigurationPlatforms) = preSolution
		Debug|Any CPU = Debug|Any CPU
		Release|Any CPU = Release|Any CPU
	EndGlobalSection
	GlobalSection(ProjectConfigurationPlatforms) = postSolution
		{5CCAEA65-1958-41DE-8889-34931B28F517}.Debug|Any CPU.ActiveCfg = Debug|Any CPU
		{5CCAEA65-1958-41DE-8889-34931B28F517}.Debug|Any CPU.Build.0 = Debug|Any CPU
		{5CCAEA65-1958-41DE-8889-34931B28F517}.Release|Any CPU.ActiveCfg = Release|Any CPU
		{5CCAEA65-1958-41DE-8889-34931B28F517}.Release|Any CPU.Build.0 = Release|Any CPU
		{E71FDF83-A982-42E6-8BA4-DCEE0729250F}.Debug|Any CPU.ActiveCfg = Debug|Any CPU
		{E71FDF83-A982-42E6-8BA4-DCEE0729250F}.Debug|Any CPU.Build.0 = Debug|Any CPU
		{E71FDF83-A982-42E6-8BA4-DCEE0729250F}.Release|Any CPU.ActiveCfg = Release|Any CPU
		{E71FDF83-A982-42E6-8BA4-DCEE0729250F}.Release|Any CPU.Build.0 = Release|Any CPU
		{83D746C3-16B2-4DD0-8A89-6290A6E60A64}.Debug|Any CPU.ActiveCfg = Debug|Any CPU
		{83D746C3-16B2-4DD0-8A89-6290A6E60A64}.Debug|Any CPU.Build.0 = Debug|Any CPU
		{83D746C3-16B2-4DD0-8A89-6290A6E60A64}.Release|Any CPU.ActiveCfg = Release|Any CPU
		{83D746C3-16B2-4DD0-8A89-6290A6E60A64}.Release|Any CPU.Build.0 = Release|Any CPU
		{9F2D0FCC-A7A6-444A-98E3-31A91B0E6095}.Debug|Any CPU.ActiveCfg = Debug|Any CPU
		{9F2D0FCC-A7A6-444A-98E3-31A91B0E6095}.Debug|Any CPU.Build.0 = Debug|Any CPU
		{9F2D0FCC-A7A6-444A-98E3-31A91B0E6095}.Release|Any CPU.ActiveCfg = Release|Any CPU
		{9F2D0FCC-A7A6-444A-98E3-31A91B0E6095}.Release|Any CPU.Build.0 = Release|Any CPU
		{8DB9C195-685D-458F-8A06-B875DF716931}.Debug|Any CPU.ActiveCfg = Debug|Any CPU
		{8DB9C195-685D-458F-8A06-B875DF716931}.Debug|Any CPU.Build.0 = Debug|Any CPU
		{8DB9C195-685D-458F-8A06-B875DF716931}.Release|Any CPU.ActiveCfg = Release|Any CPU
		{8DB9C195-685D-458F-8A06-B875DF716931}.Release|Any CPU.Build.0 = Release|Any CPU
		{F7D13D33-BF1F-4CFF-8339-BF8A15189978}.Debug|Any CPU.ActiveCfg = Debug|Any CPU
		{F7D13D33-BF1F-4CFF-8339-BF8A15189978}.Debug|Any CPU.Build.0 = Debug|Any CPU
		{F7D13D33-BF1F-4CFF-8339-BF8A15189978}.Release|Any CPU.ActiveCfg = Release|Any CPU
		{F7D13D33-BF1F-4CFF-8339-BF8A15189978}.Release|Any CPU.Build.0 = Release|Any CPU
		{C943E9D6-EDA3-4802-9802-0C4ED91D0213}.Debug|Any CPU.ActiveCfg = Debug|Any CPU
		{C943E9D6-EDA3-4802-9802-0C4ED91D0213}.Debug|Any CPU.Build.0 = Debug|Any CPU
		{C943E9D6-EDA3-4802-9802-0C4ED91D0213}.Release|Any CPU.ActiveCfg = Release|Any CPU
		{C943E9D6-EDA3-4802-9802-0C4ED91D0213}.Release|Any CPU.Build.0 = Release|Any CPU
		{FACCBC92-0EF2-489D-96D8-A468BD6E2BF1}.Debug|Any CPU.ActiveCfg = Debug|Any CPU
		{FACCBC92-0EF2-489D-96D8-A468BD6E2BF1}.Debug|Any CPU.Build.0 = Debug|Any CPU
		{FACCBC92-0EF2-489D-96D8-A468BD6E2BF1}.Release|Any CPU.ActiveCfg = Release|Any CPU
		{FACCBC92-0EF2-489D-96D8-A468BD6E2BF1}.Release|Any CPU.Build.0 = Release|Any CPU
		{FF2F7FF9-0B36-43B4-9339-287149A4845C}.Debug|Any CPU.ActiveCfg = Debug|Any CPU
		{FF2F7FF9-0B36-43B4-9339-287149A4845C}.Debug|Any CPU.Build.0 = Debug|Any CPU
		{FF2F7FF9-0B36-43B4-9339-287149A4845C}.Release|Any CPU.ActiveCfg = Release|Any CPU
		{FF2F7FF9-0B36-43B4-9339-287149A4845C}.Release|Any CPU.Build.0 = Release|Any CPU
	EndGlobalSection
	GlobalSection(SolutionProperties) = preSolution
		HideSolutionNode = FALSE
	EndGlobalSection
	GlobalSection(NestedProjects) = preSolution
		{5CCAEA65-1958-41DE-8889-34931B28F517} = {02EA681E-C7D8-13C7-8484-4AC65E1B71E8}
		{E71FDF83-A982-42E6-8BA4-DCEE0729250F} = {3A37CE6C-4074-4E4E-A068-81B93995C87B}
		{83D746C3-16B2-4DD0-8A89-6290A6E60A64} = {619FA9E4-E950-4EB3-AE5B-7EFC3D0F558E}
		{9F2D0FCC-A7A6-444A-98E3-31A91B0E6095} = {A6CA6825-F454-4445-8922-54D65D2DDB50}
		{8DB9C195-685D-458F-8A06-B875DF716931} = {615F46C3-0FCF-4443-A198-186146BC5C38}
		{F7D13D33-BF1F-4CFF-8339-BF8A15189978} = {0837974A-3FB7-48B3-ABCB-BDD334EF8127}
		{C943E9D6-EDA3-4802-9802-0C4ED91D0213} = {ABB4ACB1-2112-4C19-BAFE-0B6079592921}
		{FACCBC92-0EF2-489D-96D8-A468BD6E2BF1} = {ABB4ACB1-2112-4C19-BAFE-0B6079592921}
		{FF2F7FF9-0B36-43B4-9339-287149A4845C} = {D8924617-BD65-41B6-935C-A5A2E4FC6AC4}
	EndGlobalSection
	GlobalSection(ExtensibilityGlobals) = postSolution
		SolutionGuid = {16EB1CFD-47FF-44D7-8E7E-37FA32496BCB}
	EndGlobalSection
EndGlobal
